// !$*UTF8*$!
{
	archiveVersion = 1;
	classes = {
	};
	objectVersion = 50;
	objects = {

/* Begin PBXBuildFile section */
		5704B55224BE258800A9368D /* AppDelegate.swift in Sources */ = {isa = PBXBuildFile; fileRef = 5704B55124BE258800A9368D /* AppDelegate.swift */; };
		5704B55424BE258800A9368D /* SceneDelegate.swift in Sources */ = {isa = PBXBuildFile; fileRef = 5704B55324BE258800A9368D /* SceneDelegate.swift */; };
		5704B55624BE258800A9368D /* ViewController.swift in Sources */ = {isa = PBXBuildFile; fileRef = 5704B55524BE258800A9368D /* ViewController.swift */; };
		5704B55924BE258800A9368D /* Main.storyboard in Resources */ = {isa = PBXBuildFile; fileRef = 5704B55724BE258800A9368D /* Main.storyboard */; };
		5704B55B24BE258C00A9368D /* Assets.xcassets in Resources */ = {isa = PBXBuildFile; fileRef = 5704B55A24BE258C00A9368D /* Assets.xcassets */; };
		5704B55E24BE258C00A9368D /* LaunchScreen.storyboard in Resources */ = {isa = PBXBuildFile; fileRef = 5704B55C24BE258C00A9368D /* LaunchScreen.storyboard */; };
/* End PBXBuildFile section */

/* Begin PBXFileReference section */
		5704B54E24BE258800A9368D /* test_applifecycle_notificationcenter.app */ = {isa = PBXFileReference; explicitFileType = wrapper.application; includeInIndex = 0; path = test_applifecycle_notificationcenter.app; sourceTree = BUILT_PRODUCTS_DIR; };
		5704B55124BE258800A9368D /* AppDelegate.swift */ = {isa = PBXFileReference; lastKnownFileType = sourcecode.swift; path = AppDelegate.swift; sourceTree = "<group>"; };
		5704B55324BE258800A9368D /* SceneDelegate.swift */ = {isa = PBXFileReference; lastKnownFileType = sourcecode.swift; path = SceneDelegate.swift; sourceTree = "<group>"; };
		5704B55524BE258800A9368D /* ViewController.swift */ = {isa = PBXFileReference; lastKnownFileType = sourcecode.swift; path = ViewController.swift; sourceTree = "<group>"; };
		5704B55824BE258800A9368D /* Base */ = {isa = PBXFileReference; lastKnownFileType = file.storyboard; name = Base; path = Base.lproj/Main.storyboard; sourceTree = "<group>"; };
		5704B55A24BE258C00A9368D /* Assets.xcassets */ = {isa = PBXFileReference; lastKnownFileType = folder.assetcatalog; path = Assets.xcassets; sourceTree = "<group>"; };
		5704B55D24BE258C00A9368D /* Base */ = {isa = PBXFileReference; lastKnownFileType = file.storyboard; name = Base; path = Base.lproj/LaunchScreen.storyboard; sourceTree = "<group>"; };
		5704B55F24BE258C00A9368D /* Info.plist */ = {isa = PBXFileReference; lastKnownFileType = text.plist.xml; path = Info.plist; sourceTree = "<group>"; };
/* End PBXFileReference section */

/* Begin PBXFrameworksBuildPhase section */
		5704B54B24BE258800A9368D /* Frameworks */ = {
			isa = PBXFrameworksBuildPhase;
			buildActionMask = 2147483647;
			files = (
			);
			runOnlyForDeploymentPostprocessing = 0;
		};
/* End PBXFrameworksBuildPhase section */

/* Begin PBXGroup section */
		5704B54524BE258800A9368D = {
			isa = PBXGroup;
			children = (
				5704B55024BE258800A9368D /* test_applifecycle_notificationcenter */,
				5704B54F24BE258800A9368D /* Products */,
			);
			sourceTree = "<group>";
		};
		5704B54F24BE258800A9368D /* Products */ = {
			isa = PBXGroup;
			children = (
				5704B54E24BE258800A9368D /* test_applifecycle_notificationcenter.app */,
			);
			name = Products;
			sourceTree = "<group>";
		};
		5704B55024BE258800A9368D /* test_applifecycle_notificationcenter */ = {
			isa = PBXGroup;
			children = (
				5704B55124BE258800A9368D /* AppDelegate.swift */,
				5704B55324BE258800A9368D /* SceneDelegate.swift */,
				5704B55524BE258800A9368D /* ViewController.swift */,
				5704B55724BE258800A9368D /* Main.storyboard */,
				5704B55A24BE258C00A9368D /* Assets.xcassets */,
				5704B55C24BE258C00A9368D /* LaunchScreen.storyboard */,
				5704B55F24BE258C00A9368D /* Info.plist */,
			);
			path = test_applifecycle_notificationcenter;
			sourceTree = "<group>";
		};
/* End PBXGroup section */

/* Begin PBXNativeTarget section */
		5704B54D24BE258800A9368D /* test_applifecycle_notificationcenter */ = {
			isa = PBXNativeTarget;
			buildConfigurationList = 5704B56224BE258C00A9368D /* Build configuration list for PBXNativeTarget "test_applifecycle_notificationcenter" */;
			buildPhases = (
				5704B54A24BE258800A9368D /* Sources */,
				5704B54B24BE258800A9368D /* Frameworks */,
				5704B54C24BE258800A9368D /* Resources */,
			);
			buildRules = (
			);
			dependencies = (
			);
			name = test_applifecycle_notificationcenter;
			productName = test_applifecycle_notificationcenter;
			productReference = 5704B54E24BE258800A9368D /* test_applifecycle_notificationcenter.app */;
			productType = "com.apple.product-type.application";
		};
/* End PBXNativeTarget section */

/* Begin PBXProject section */
		5704B54624BE258800A9368D /* Project object */ = {
			isa = PBXProject;
			attributes = {
				LastSwiftUpdateCheck = 1150;
				LastUpgradeCheck = 1150;
				ORGANIZATIONNAME = devrazor;
				TargetAttributes = {
					5704B54D24BE258800A9368D = {
						CreatedOnToolsVersion = 11.5;
					};
				};
			};
			buildConfigurationList = 5704B54924BE258800A9368D /* Build configuration list for PBXProject "test_applifecycle_notificationcenter" */;
			compatibilityVersion = "Xcode 9.3";
			developmentRegion = en;
			hasScannedForEncodings = 0;
			knownRegions = (
				en,
				Base,
			);
			mainGroup = 5704B54524BE258800A9368D;
			productRefGroup = 5704B54F24BE258800A9368D /* Products */;
			projectDirPath = "";
			projectRoot = "";
			targets = (
				5704B54D24BE258800A9368D /* test_applifecycle_notificationcenter */,
			);
		};
/* End PBXProject section */

/* Begin PBXResourcesBuildPhase section */
		5704B54C24BE258800A9368D /* Resources */ = {
			isa = PBXResourcesBuildPhase;
			buildActionMask = 2147483647;
			files = (
				5704B55E24BE258C00A9368D /* LaunchScreen.storyboard in Resources */,
				5704B55B24BE258C00A9368D /* Assets.xcassets in Resources */,
				5704B55924BE258800A9368D /* Main.storyboard in Resources */,
			);
			runOnlyForDeploymentPostprocessing = 0;
		};
/* End PBXResourcesBuildPhase section */

/* Begin PBXSourcesBuildPhase section */
		5704B54A24BE258800A9368D /* Sources */ = {
			isa = PBXSourcesBuildPhase;
			buildActionMask = 2147483647;
			files = (
				5704B55624BE258800A9368D /* ViewController.swift in Sources */,
				5704B55224BE258800A9368D /* AppDelegate.swift in Sources */,
				5704B55424BE258800A9368D /* SceneDelegate.swift in Sources */,
			);
			runOnlyForDeploymentPostprocessing = 0;
		};
/* End PBXSourcesBuildPhase section */

/* Begin PBXVariantGroup section */
		5704B55724BE258800A9368D /* Main.storyboard */ = {
			isa = PBXVariantGroup;
			children = (
				5704B55824BE258800A9368D /* Base */,
			);
			name = Main.storyboard;
			sourceTree = "<group>";
		};
		5704B55C24BE258C00A9368D /* LaunchScreen.storyboard */ = {
			isa = PBXVariantGroup;
			children = (
				5704B55D24BE258C00A9368D /* Base */,
			);
			name = LaunchScreen.storyboard;
			sourceTree = "<group>";
		};
/* End PBXVariantGroup section */

/* Begin XCBuildConfiguration section */
		5704B56024BE258C00A9368D /* Debug */ = {
			isa = XCBuildConfiguration;
			buildSettings = {
				ALWAYS_SEARCH_USER_PATHS = NO;
				CLANG_ANALYZER_NONNULL = YES;
				CLANG_ANALYZER_NUMBER_OBJECT_CONVERSION = YES_AGGRESSIVE;
				CLANG_CXX_LANGUAGE_STANDARD = "gnu++14";
				CLANG_CXX_LIBRARY = "libc++";
				CLANG_ENABLE_MODULES = YES;
				CLANG_ENABLE_OBJC_ARC = YES;
				CLANG_ENABLE_OBJC_WEAK = YES;
				CLANG_WARN_BLOCK_CAPTURE_AUTORELEASING = YES;
				CLANG_WARN_BOOL_CONVERSION = YES;
				CLANG_WARN_COMMA = YES;
				CLANG_WARN_CONSTANT_CONVERSION = YES;
				CLANG_WARN_DEPRECATED_OBJC_IMPLEMENTATIONS = YES;
				CLANG_WARN_DIRECT_OBJC_ISA_USAGE = YES_ERROR;
				CLANG_WARN_DOCUMENTATION_COMMENTS = YES;
				CLANG_WARN_EMPTY_BODY = YES;
				CLANG_WARN_ENUM_CONVERSION = YES;
				CLANG_WARN_INFINITE_RECURSION = YES;
				CLANG_WARN_INT_CONVERSION = YES;
				CLANG_WARN_NON_LITERAL_NULL_CONVERSION = YES;
				CLANG_WARN_OBJC_IMPLICIT_RETAIN_SELF = YES;
				CLANG_WARN_OBJC_LITERAL_CONVERSION = YES;
				CLANG_WARN_OBJC_ROOT_CLASS = YES_ERROR;
				CLANG_WARN_RANGE_LOOP_ANALYSIS = YES;
				CLANG_WARN_STRICT_PROTOTYPES = YES;
				CLANG_WARN_SUSPICIOUS_MOVE = YES;
				CLANG_WARN_UNGUARDED_AVAILABILITY = YES_AGGRESSIVE;
				CLANG_WARN_UNREACHABLE_CODE = YES;
				CLANG_WARN__DUPLICATE_METHOD_MATCH = YES;
				COPY_PHASE_STRIP = NO;
				DEBUG_INFORMATION_FORMAT = dwarf;
				ENABLE_STRICT_OBJC_MSGSEND = YES;
				ENABLE_TESTABILITY = YES;
				GCC_C_LANGUAGE_STANDARD = gnu11;
				GCC_DYNAMIC_NO_PIC = NO;
				GCC_NO_COMMON_BLOCKS = YES;
				GCC_OPTIMIZATION_LEVEL = 0;
				GCC_PREPROCESSOR_DEFINITIONS = (
					"DEBUG=1",
					"$(inherited)",
				);
				GCC_WARN_64_TO_32_BIT_CONVERSION = YES;
				GCC_WARN_ABOUT_RETURN_TYPE = YES_ERROR;
				GCC_WARN_UNDECLARED_SELECTOR = YES;
				GCC_WARN_UNINITIALIZED_AUTOS = YES_AGGRESSIVE;
				GCC_WARN_UNUSED_FUNCTION = YES;
				GCC_WARN_UNUSED_VARIABLE = YES;
				IPHONEOS_DEPLOYMENT_TARGET = 13.5;
				MTL_ENABLE_DEBUG_INFO = INCLUDE_SOURCE;
				MTL_FAST_MATH = YES;
				ONLY_ACTIVE_ARCH = YES;
				SDKROOT = iphoneos;
				SWIFT_ACTIVE_COMPILATION_CONDITIONS = DEBUG;
				SWIFT_OPTIMIZATION_LEVEL = "-Onone";
			};
			name = Debug;
		};
		5704B56124BE258C00A9368D /* Release */ = {
			isa = XCBuildConfiguration;
			buildSettings = {
				ALWAYS_SEARCH_USER_PATHS = NO;
				CLANG_ANALYZER_NONNULL = YES;
				CLANG_ANALYZER_NUMBER_OBJECT_CONVERSION = YES_AGGRESSIVE;
				CLANG_CXX_LANGUAGE_STANDARD = "gnu++14";
				CLANG_CXX_LIBRARY = "libc++";
				CLANG_ENABLE_MODULES = YES;
				CLANG_ENABLE_OBJC_ARC = YES;
				CLANG_ENABLE_OBJC_WEAK = YES;
				CLANG_WARN_BLOCK_CAPTURE_AUTORELEASING = YES;
				CLANG_WARN_BOOL_CONVERSION = YES;
				CLANG_WARN_COMMA = YES;
				CLANG_WARN_CONSTANT_CONVERSION = YES;
				CLANG_WARN_DEPRECATED_OBJC_IMPLEMENTATIONS = YES;
				CLANG_WARN_DIRECT_OBJC_ISA_USAGE = YES_ERROR;
				CLANG_WARN_DOCUMENTATION_COMMENTS = YES;
				CLANG_WARN_EMPTY_BODY = YES;
				CLANG_WARN_ENUM_CONVERSION = YES;
				CLANG_WARN_INFINITE_RECURSION = YES;
				CLANG_WARN_INT_CONVERSION = YES;
				CLANG_WARN_NON_LITERAL_NULL_CONVERSION = YES;
				CLANG_WARN_OBJC_IMPLICIT_RETAIN_SELF = YES;
				CLANG_WARN_OBJC_LITERAL_CONVERSION = YES;
				CLANG_WARN_OBJC_ROOT_CLASS = YES_ERROR;
				CLANG_WARN_RANGE_LOOP_ANALYSIS = YES;
				CLANG_WARN_STRICT_PROTOTYPES = YES;
				CLANG_WARN_SUSPICIOUS_MOVE = YES;
				CLANG_WARN_UNGUARDED_AVAILABILITY = YES_AGGRESSIVE;
				CLANG_WARN_UNREACHABLE_CODE = YES;
				CLANG_WARN__DUPLICATE_METHOD_MATCH = YES;
				COPY_PHASE_STRIP = NO;
				DEBUG_INFORMATION_FORMAT = "dwarf-with-dsym";
				ENABLE_NS_ASSERTIONS = NO;
				ENABLE_STRICT_OBJC_MSGSEND = YES;
				GCC_C_LANGUAGE_STANDARD = gnu11;
				GCC_NO_COMMON_BLOCKS = YES;
				GCC_WARN_64_TO_32_BIT_CONVERSION = YES;
				GCC_WARN_ABOUT_RETURN_TYPE = YES_ERROR;
				GCC_WARN_UNDECLARED_SELECTOR = YES;
				GCC_WARN_UNINITIALIZED_AUTOS = YES_AGGRESSIVE;
				GCC_WARN_UNUSED_FUNCTION = YES;
				GCC_WARN_UNUSED_VARIABLE = YES;
				IPHONEOS_DEPLOYMENT_TARGET = 13.5;
				MTL_ENABLE_DEBUG_INFO = NO;
				MTL_FAST_MATH = YES;
				SDKROOT = iphoneos;
				SWIFT_COMPILATION_MODE = wholemodule;
				SWIFT_OPTIMIZATION_LEVEL = "-O";
				VALIDATE_PRODUCT = YES;
			};
			name = Release;
		};
		5704B56324BE258C00A9368D /* Debug */ = {
			isa = XCBuildConfiguration;
			buildSettings = {
				ASSETCATALOG_COMPILER_APPICON_NAME = AppIcon;
				CODE_SIGN_STYLE = Automatic;
				DEVELOPMENT_TEAM = 5W53BVZD7L;
				INFOPLIST_FILE = test_applifecycle_notificationcenter/Info.plist;
				LD_RUNPATH_SEARCH_PATHS = (
					"$(inherited)",
					"@executable_path/Frameworks",
				);
				PRODUCT_BUNDLE_IDENTIFIER = "com.VictorBalas.test-applifecycle-notificationcenter";
				PRODUCT_NAME = "$(TARGET_NAME)";
				SWIFT_VERSION = 5.0;
				TARGETED_DEVICE_FAMILY = "1,2";
			};
			name = Debug;
		};
		5704B56424BE258C00A9368D /* Release */ = {
			isa = XCBuildConfiguration;
			buildSettings = {
				ASSETCATALOG_COMPILER_APPICON_NAME = AppIcon;
				CODE_SIGN_STYLE = Automatic;
				DEVELOPMENT_TEAM = 5W53BVZD7L;
				INFOPLIST_FILE = test_applifecycle_notificationcenter/Info.plist;
				LD_RUNPATH_SEARCH_PATHS = (
					"$(inherited)",
					"@executable_path/Frameworks",
				);
				PRODUCT_BUNDLE_IDENTIFIER = "com.VictorBalas.test-applifecycle-notificationcenter";
				PRODUCT_NAME = "$(TARGET_NAME)";
				SWIFT_VERSION = 5.0;
				TARGETED_DEVICE_FAMILY = "1,2";
			};
			name = Release;
		};
/* End XCBuildConfiguration section */

/* Begin XCConfigurationList section */
		5704B54924BE258800A9368D /* Build configuration list for PBXProject "test_applifecycle_notificationcenter" */ = {
			isa = XCConfigurationList;
			buildConfigurations = (
				5704B56024BE258C00A9368D /* Debug */,
				5704B56124BE258C00A9368D /* Release */,
			);
			defaultConfigurationIsVisible = 0;
			defaultConfigurationName = Release;
		};
		5704B56224BE258C00A9368D /* Build configuration list for PBXNativeTarget "test_applifecycle_notificationcenter" */ = {
			isa = XCConfigurationList;
			buildConfigurations = (
				5704B56324BE258C00A9368D /* Debug */,
				5704B56424BE258C00A9368D /* Release */,
			);
			defaultConfigurationIsVisible = 0;
			defaultConfigurationName = Release;
		};
/* End XCConfigurationList section */
	};
	rootObject = 5704B54624BE258800A9368D /* Project object */;
}
